// !$*UTF8*$!
{
	archiveVersion = 1;
	classes = {
	};
	objectVersion = 56;
	objects = {

/* Begin PBXBuildFile section */
		807F6ADE2B860C170023D429 /* AppDelegate.swift in Sources */ = {isa = PBXBuildFile; fileRef = 807F6ADD2B860C170023D429 /* AppDelegate.swift */; };
		807F6AE02B860C170023D429 /* SceneDelegate.swift in Sources */ = {isa = PBXBuildFile; fileRef = 807F6ADF2B860C170023D429 /* SceneDelegate.swift */; };
		807F6AE22B860C170023D429 /* ViewController.swift in Sources */ = {isa = PBXBuildFile; fileRef = 807F6AE12B860C170023D429 /* ViewController.swift */; };
		807F6AE52B860C180023D429 /* Main.storyboard in Resources */ = {isa = PBXBuildFile; fileRef = 807F6AE32B860C180023D429 /* Main.storyboard */; };
		807F6AE72B860C190023D429 /* Assets.xcassets in Resources */ = {isa = PBXBuildFile; fileRef = 807F6AE62B860C190023D429 /* Assets.xcassets */; };
		807F6AEA2B860C190023D429 /* LaunchScreen.storyboard in Resources */ = {isa = PBXBuildFile; fileRef = 807F6AE82B860C190023D429 /* LaunchScreen.storyboard */; };
		807F6AF52B860C190023D429 /* LeetCodeProblemsTests.swift in Sources */ = {isa = PBXBuildFile; fileRef = 807F6AF42B860C190023D429 /* LeetCodeProblemsTests.swift */; };
		807F6AFF2B860C190023D429 /* LeetCodeProblemsUITests.swift in Sources */ = {isa = PBXBuildFile; fileRef = 807F6AFE2B860C190023D429 /* LeetCodeProblemsUITests.swift */; };
		807F6B012B860C190023D429 /* LeetCodeProblemsUITestsLaunchTests.swift in Sources */ = {isa = PBXBuildFile; fileRef = 807F6B002B860C190023D429 /* LeetCodeProblemsUITestsLaunchTests.swift */; };
/* End PBXBuildFile section */

/* Begin PBXContainerItemProxy section */
		807F6AF12B860C190023D429 /* PBXContainerItemProxy */ = {
			isa = PBXContainerItemProxy;
			containerPortal = 807F6AD22B860C170023D429 /* Project object */;
			proxyType = 1;
			remoteGlobalIDString = 807F6AD92B860C170023D429;
			remoteInfo = LeetCodeProblems;
		};
		807F6AFB2B860C190023D429 /* PBXContainerItemProxy */ = {
			isa = PBXContainerItemProxy;
			containerPortal = 807F6AD22B860C170023D429 /* Project object */;
			proxyType = 1;
			remoteGlobalIDString = 807F6AD92B860C170023D429;
			remoteInfo = LeetCodeProblems;
		};
/* End PBXContainerItemProxy section */

/* Begin PBXFileReference section */
		807F6ADA2B860C170023D429 /* LeetCodeProblems.app */ = {isa = PBXFileReference; explicitFileType = wrapper.application; includeInIndex = 0; path = LeetCodeProblems.app; sourceTree = BUILT_PRODUCTS_DIR; };
		807F6ADD2B860C170023D429 /* AppDelegate.swift */ = {isa = PBXFileReference; lastKnownFileType = sourcecode.swift; path = AppDelegate.swift; sourceTree = "<group>"; };
		807F6ADF2B860C170023D429 /* SceneDelegate.swift */ = {isa = PBXFileReference; lastKnownFileType = sourcecode.swift; path = SceneDelegate.swift; sourceTree = "<group>"; };
		807F6AE12B860C170023D429 /* ViewController.swift */ = {isa = PBXFileReference; lastKnownFileType = sourcecode.swift; path = ViewController.swift; sourceTree = "<group>"; };
		807F6AE42B860C180023D429 /* Base */ = {isa = PBXFileReference; lastKnownFileType = file.storyboard; name = Base; path = Base.lproj/Main.storyboard; sourceTree = "<group>"; };
		807F6AE62B860C190023D429 /* Assets.xcassets */ = {isa = PBXFileReference; lastKnownFileType = folder.assetcatalog; path = Assets.xcassets; sourceTree = "<group>"; };
		807F6AE92B860C190023D429 /* Base */ = {isa = PBXFileReference; lastKnownFileType = file.storyboard; name = Base; path = Base.lproj/LaunchScreen.storyboard; sourceTree = "<group>"; };
		807F6AEB2B860C190023D429 /* Info.plist */ = {isa = PBXFileReference; lastKnownFileType = text.plist.xml; path = Info.plist; sourceTree = "<group>"; };
		807F6AF02B860C190023D429 /* LeetCodeProblemsTests.xctest */ = {isa = PBXFileReference; explicitFileType = wrapper.cfbundle; includeInIndex = 0; path = LeetCodeProblemsTests.xctest; sourceTree = BUILT_PRODUCTS_DIR; };
		807F6AF42B860C190023D429 /* LeetCodeProblemsTests.swift */ = {isa = PBXFileReference; lastKnownFileType = sourcecode.swift; path = LeetCodeProblemsTests.swift; sourceTree = "<group>"; };
		807F6AFA2B860C190023D429 /* LeetCodeProblemsUITests.xctest */ = {isa = PBXFileReference; explicitFileType = wrapper.cfbundle; includeInIndex = 0; path = LeetCodeProblemsUITests.xctest; sourceTree = BUILT_PRODUCTS_DIR; };
		807F6AFE2B860C190023D429 /* LeetCodeProblemsUITests.swift */ = {isa = PBXFileReference; lastKnownFileType = sourcecode.swift; path = LeetCodeProblemsUITests.swift; sourceTree = "<group>"; };
		807F6B002B860C190023D429 /* LeetCodeProblemsUITestsLaunchTests.swift */ = {isa = PBXFileReference; lastKnownFileType = sourcecode.swift; path = LeetCodeProblemsUITestsLaunchTests.swift; sourceTree = "<group>"; };
/* End PBXFileReference section */

/* Begin PBXFrameworksBuildPhase section */
		807F6AD72B860C170023D429 /* Frameworks */ = {
			isa = PBXFrameworksBuildPhase;
			buildActionMask = 2147483647;
			files = (
			);
			runOnlyForDeploymentPostprocessing = 0;
		};
		807F6AED2B860C190023D429 /* Frameworks */ = {
			isa = PBXFrameworksBuildPhase;
			buildActionMask = 2147483647;
			files = (
			);
			runOnlyForDeploymentPostprocessing = 0;
		};
		807F6AF72B860C190023D429 /* Frameworks */ = {
			isa = PBXFrameworksBuildPhase;
			buildActionMask = 2147483647;
			files = (
			);
			runOnlyForDeploymentPostprocessing = 0;
		};
/* End PBXFrameworksBuildPhase section */

/* Begin PBXGroup section */
		807F6AD12B860C170023D429 = {
			isa = PBXGroup;
			children = (
				807F6ADC2B860C170023D429 /* LeetCodeProblems */,
				807F6AF32B860C190023D429 /* LeetCodeProblemsTests */,
				807F6AFD2B860C190023D429 /* LeetCodeProblemsUITests */,
				807F6ADB2B860C170023D429 /* Products */,
			);
			sourceTree = "<group>";
		};
		807F6ADB2B860C170023D429 /* Products */ = {
			isa = PBXGroup;
			children = (
				807F6ADA2B860C170023D429 /* LeetCodeProblems.app */,
				807F6AF02B860C190023D429 /* LeetCodeProblemsTests.xctest */,
				807F6AFA2B860C190023D429 /* LeetCodeProblemsUITests.xctest */,
			);
			name = Products;
			sourceTree = "<group>";
		};
		807F6ADC2B860C170023D429 /* LeetCodeProblems */ = {
			isa = PBXGroup;
			children = (
				807F6ADD2B860C170023D429 /* AppDelegate.swift */,
				807F6ADF2B860C170023D429 /* SceneDelegate.swift */,
				807F6AE12B860C170023D429 /* ViewController.swift */,
				807F6AE32B860C180023D429 /* Main.storyboard */,
				807F6AE62B860C190023D429 /* Assets.xcassets */,
				807F6AE82B860C190023D429 /* LaunchScreen.storyboard */,
				807F6AEB2B860C190023D429 /* Info.plist */,
			);
			path = LeetCodeProblems;
			sourceTree = "<group>";
		};
		807F6AF32B860C190023D429 /* LeetCodeProblemsTests */ = {
			isa = PBXGroup;
			children = (
				807F6AF42B860C190023D429 /* LeetCodeProblemsTests.swift */,
			);
			path = LeetCodeProblemsTests;
			sourceTree = "<group>";
		};
		807F6AFD2B860C190023D429 /* LeetCodeProblemsUITests */ = {
			isa = PBXGroup;
			children = (
				807F6AFE2B860C190023D429 /* LeetCodeProblemsUITests.swift */,
				807F6B002B860C190023D429 /* LeetCodeProblemsUITestsLaunchTests.swift */,
			);
			path = LeetCodeProblemsUITests;
			sourceTree = "<group>";
		};
/* End PBXGroup section */

/* Begin PBXNativeTarget section */
		807F6AD92B860C170023D429 /* LeetCodeProblems */ = {
			isa = PBXNativeTarget;
			buildConfigurationList = 807F6B042B860C190023D429 /* Build configuration list for PBXNativeTarget "LeetCodeProblems" */;
			buildPhases = (
				807F6AD62B860C170023D429 /* Sources */,
				807F6AD72B860C170023D429 /* Frameworks */,
				807F6AD82B860C170023D429 /* Resources */,
			);
			buildRules = (
			);
			dependencies = (
			);
			name = LeetCodeProblems;
			productName = LeetCodeProblems;
			productReference = 807F6ADA2B860C170023D429 /* LeetCodeProblems.app */;
			productType = "com.apple.product-type.application";
		};
		807F6AEF2B860C190023D429 /* LeetCodeProblemsTests */ = {
			isa = PBXNativeTarget;
			buildConfigurationList = 807F6B072B860C190023D429 /* Build configuration list for PBXNativeTarget "LeetCodeProblemsTests" */;
			buildPhases = (
				807F6AEC2B860C190023D429 /* Sources */,
				807F6AED2B860C190023D429 /* Frameworks */,
				807F6AEE2B860C190023D429 /* Resources */,
			);
			buildRules = (
			);
			dependencies = (
				807F6AF22B860C190023D429 /* PBXTargetDependency */,
			);
			name = LeetCodeProblemsTests;
			productName = LeetCodeProblemsTests;
			productReference = 807F6AF02B860C190023D429 /* LeetCodeProblemsTests.xctest */;
			productType = "com.apple.product-type.bundle.unit-test";
		};
		807F6AF92B860C190023D429 /* LeetCodeProblemsUITests */ = {
			isa = PBXNativeTarget;
			buildConfigurationList = 807F6B0A2B860C190023D429 /* Build configuration list for PBXNativeTarget "LeetCodeProblemsUITests" */;
			buildPhases = (
				807F6AF62B860C190023D429 /* Sources */,
				807F6AF72B860C190023D429 /* Frameworks */,
				807F6AF82B860C190023D429 /* Resources */,
			);
			buildRules = (
			);
			dependencies = (
				807F6AFC2B860C190023D429 /* PBXTargetDependency */,
			);
			name = LeetCodeProblemsUITests;
			productName = LeetCodeProblemsUITests;
			productReference = 807F6AFA2B860C190023D429 /* LeetCodeProblemsUITests.xctest */;
			productType = "com.apple.product-type.bundle.ui-testing";
		};
/* End PBXNativeTarget section */

/* Begin PBXProject section */
		807F6AD22B860C170023D429 /* Project object */ = {
			isa = PBXProject;
			attributes = {
				BuildIndependentTargetsInParallel = 1;
				LastSwiftUpdateCheck = 1520;
				LastUpgradeCheck = 1520;
				TargetAttributes = {
					807F6AD92B860C170023D429 = {
						CreatedOnToolsVersion = 15.2;
					};
					807F6AEF2B860C190023D429 = {
						CreatedOnToolsVersion = 15.2;
						TestTargetID = 807F6AD92B860C170023D429;
					};
					807F6AF92B860C190023D429 = {
						CreatedOnToolsVersion = 15.2;
						TestTargetID = 807F6AD92B860C170023D429;
					};
				};
			};
			buildConfigurationList = 807F6AD52B860C170023D429 /* Build configuration list for PBXProject "LeetCodeProblems" */;
			compatibilityVersion = "Xcode 14.0";
			developmentRegion = en;
			hasScannedForEncodings = 0;
			knownRegions = (
				en,
				Base,
			);
			mainGroup = 807F6AD12B860C170023D429;
			productRefGroup = 807F6ADB2B860C170023D429 /* Products */;
			projectDirPath = "";
			projectRoot = "";
			targets = (
				807F6AD92B860C170023D429 /* LeetCodeProblems */,
				807F6AEF2B860C190023D429 /* LeetCodeProblemsTests */,
				807F6AF92B860C190023D429 /* LeetCodeProblemsUITests */,
			);
		};
/* End PBXProject section */

/* Begin PBXResourcesBuildPhase section */
		807F6AD82B860C170023D429 /* Resources */ = {
			isa = PBXResourcesBuildPhase;
			buildActionMask = 2147483647;
			files = (
				807F6AEA2B860C190023D429 /* LaunchScreen.storyboard in Resources */,
				807F6AE72B860C190023D429 /* Assets.xcassets in Resources */,
				807F6AE52B860C180023D429 /* Main.storyboard in Resources */,
			);
			runOnlyForDeploymentPostprocessing = 0;
		};
		807F6AEE2B860C190023D429 /* Resources */ = {
			isa = PBXResourcesBuildPhase;
			buildActionMask = 2147483647;
			files = (
			);
			runOnlyForDeploymentPostprocessing = 0;
		};
		807F6AF82B860C190023D429 /* Resources */ = {
			isa = PBXResourcesBuildPhase;
			buildActionMask = 2147483647;
			files = (
			);
			runOnlyForDeploymentPostprocessing = 0;
		};
/* End PBXResourcesBuildPhase section */

/* Begin PBXSourcesBuildPhase section */
		807F6AD62B860C170023D429 /* Sources */ = {
			isa = PBXSourcesBuildPhase;
			buildActionMask = 2147483647;
			files = (
				807F6AE22B860C170023D429 /* ViewController.swift in Sources */,
				807F6ADE2B860C170023D429 /* AppDelegate.swift in Sources */,
				807F6AE02B860C170023D429 /* SceneDelegate.swift in Sources */,
			);
			runOnlyForDeploymentPostprocessing = 0;
		};
		807F6AEC2B860C190023D429 /* Sources */ = {
			isa = PBXSourcesBuildPhase;
			buildActionMask = 2147483647;
			files = (
				807F6AF52B860C190023D429 /* LeetCodeProblemsTests.swift in Sources */,
			);
			runOnlyForDeploymentPostprocessing = 0;
		};
		807F6AF62B860C190023D429 /* Sources */ = {
			isa = PBXSourcesBuildPhase;
			buildActionMask = 2147483647;
			files = (
				807F6AFF2B860C190023D429 /* LeetCodeProblemsUITests.swift in Sources */,
				807F6B012B860C190023D429 /* LeetCodeProblemsUITestsLaunchTests.swift in Sources */,
			);
			runOnlyForDeploymentPostprocessing = 0;
		};
/* End PBXSourcesBuildPhase section */

/* Begin PBXTargetDependency section */
		807F6AF22B860C190023D429 /* PBXTargetDependency */ = {
			isa = PBXTargetDependency;
			target = 807F6AD92B860C170023D429 /* LeetCodeProblems */;
			targetProxy = 807F6AF12B860C190023D429 /* PBXContainerItemProxy */;
		};
		807F6AFC2B860C190023D429 /* PBXTargetDependency */ = {
			isa = PBXTargetDependency;
			target = 807F6AD92B860C170023D429 /* LeetCodeProblems */;
			targetProxy = 807F6AFB2B860C190023D429 /* PBXContainerItemProxy */;
		};
/* End PBXTargetDependency section */

/* Begin PBXVariantGroup section */
		807F6AE32B860C180023D429 /* Main.storyboard */ = {
			isa = PBXVariantGroup;
			children = (
				807F6AE42B860C180023D429 /* Base */,
			);
			name = Main.storyboard;
			sourceTree = "<group>";
		};
		807F6AE82B860C190023D429 /* LaunchScreen.storyboard */ = {
			isa = PBXVariantGroup;
			children = (
				807F6AE92B860C190023D429 /* Base */,
			);
			name = LaunchScreen.storyboard;
			sourceTree = "<group>";
		};
/* End PBXVariantGroup section */

/* Begin XCBuildConfiguration section */
		807F6B022B860C190023D429 /* Debug */ = {
			isa = XCBuildConfiguration;
			buildSettings = {
				ALWAYS_SEARCH_USER_PATHS = NO;
				ASSETCATALOG_COMPILER_GENERATE_SWIFT_ASSET_SYMBOL_EXTENSIONS = YES;
				CLANG_ANALYZER_NONNULL = YES;
				CLANG_ANALYZER_NUMBER_OBJECT_CONVERSION = YES_AGGRESSIVE;
				CLANG_CXX_LANGUAGE_STANDARD = "gnu++20";
				CLANG_ENABLE_MODULES = YES;
				CLANG_ENABLE_OBJC_ARC = YES;
				CLANG_ENABLE_OBJC_WEAK = YES;
				CLANG_WARN_BLOCK_CAPTURE_AUTORELEASING = YES;
				CLANG_WARN_BOOL_CONVERSION = YES;
				CLANG_WARN_COMMA = YES;
				CLANG_WARN_CONSTANT_CONVERSION = YES;
				CLANG_WARN_DEPRECATED_OBJC_IMPLEMENTATIONS = YES;
				CLANG_WARN_DIRECT_OBJC_ISA_USAGE = YES_ERROR;
				CLANG_WARN_DOCUMENTATION_COMMENTS = YES;
				CLANG_WARN_EMPTY_BODY = YES;
				CLANG_WARN_ENUM_CONVERSION = YES;
				CLANG_WARN_INFINITE_RECURSION = YES;
				CLANG_WARN_INT_CONVERSION = YES;
				CLANG_WARN_NON_LITERAL_NULL_CONVERSION = YES;
				CLANG_WARN_OBJC_IMPLICIT_RETAIN_SELF = YES;
				CLANG_WARN_OBJC_LITERAL_CONVERSION = YES;
				CLANG_WARN_OBJC_ROOT_CLASS = YES_ERROR;
				CLANG_WARN_QUOTED_INCLUDE_IN_FRAMEWORK_HEADER = YES;
				CLANG_WARN_RANGE_LOOP_ANALYSIS = YES;
				CLANG_WARN_STRICT_PROTOTYPES = YES;
				CLANG_WARN_SUSPICIOUS_MOVE = YES;
				CLANG_WARN_UNGUARDED_AVAILABILITY = YES_AGGRESSIVE;
				CLANG_WARN_UNREACHABLE_CODE = YES;
				CLANG_WARN__DUPLICATE_METHOD_MATCH = YES;
				COPY_PHASE_STRIP = NO;
				DEBUG_INFORMATION_FORMAT = dwarf;
				ENABLE_STRICT_OBJC_MSGSEND = YES;
				ENABLE_TESTABILITY = YES;
				ENABLE_USER_SCRIPT_SANDBOXING = YES;
				GCC_C_LANGUAGE_STANDARD = gnu17;
				GCC_DYNAMIC_NO_PIC = NO;
				GCC_NO_COMMON_BLOCKS = YES;
				GCC_OPTIMIZATION_LEVEL = 0;
				GCC_PREPROCESSOR_DEFINITIONS = (
					"DEBUG=1",
					"$(inherited)",
				);
				GCC_WARN_64_TO_32_BIT_CONVERSION = YES;
				GCC_WARN_ABOUT_RETURN_TYPE = YES_ERROR;
				GCC_WARN_UNDECLARED_SELECTOR = YES;
				GCC_WARN_UNINITIALIZED_AUTOS = YES_AGGRESSIVE;
				GCC_WARN_UNUSED_FUNCTION = YES;
				GCC_WARN_UNUSED_VARIABLE = YES;
				IPHONEOS_DEPLOYMENT_TARGET = 17.2;
				LOCALIZATION_PREFERS_STRING_CATALOGS = YES;
				MTL_ENABLE_DEBUG_INFO = INCLUDE_SOURCE;
				MTL_FAST_MATH = YES;
				ONLY_ACTIVE_ARCH = YES;
				SDKROOT = iphoneos;
				SWIFT_ACTIVE_COMPILATION_CONDITIONS = "DEBUG $(inherited)";
				SWIFT_OPTIMIZATION_LEVEL = "-Onone";
			};
			name = Debug;
		};
		807F6B032B860C190023D429 /* Release */ = {
			isa = XCBuildConfiguration;
			buildSettings = {
				ALWAYS_SEARCH_USER_PATHS = NO;
				ASSETCATALOG_COMPILER_GENERATE_SWIFT_ASSET_SYMBOL_EXTENSIONS = YES;
				CLANG_ANALYZER_NONNULL = YES;
				CLANG_ANALYZER_NUMBER_OBJECT_CONVERSION = YES_AGGRESSIVE;
				CLANG_CXX_LANGUAGE_STANDARD = "gnu++20";
				CLANG_ENABLE_MODULES = YES;
				CLANG_ENABLE_OBJC_ARC = YES;
				CLANG_ENABLE_OBJC_WEAK = YES;
				CLANG_WARN_BLOCK_CAPTURE_AUTORELEASING = YES;
				CLANG_WARN_BOOL_CONVERSION = YES;
				CLANG_WARN_COMMA = YES;
				CLANG_WARN_CONSTANT_CONVERSION = YES;
				CLANG_WARN_DEPRECATED_OBJC_IMPLEMENTATIONS = YES;
				CLANG_WARN_DIRECT_OBJC_ISA_USAGE = YES_ERROR;
				CLANG_WARN_DOCUMENTATION_COMMENTS = YES;
				CLANG_WARN_EMPTY_BODY = YES;
				CLANG_WARN_ENUM_CONVERSION = YES;
				CLANG_WARN_INFINITE_RECURSION = YES;
				CLANG_WARN_INT_CONVERSION = YES;
				CLANG_WARN_NON_LITERAL_NULL_CONVERSION = YES;
				CLANG_WARN_OBJC_IMPLICIT_RETAIN_SELF = YES;
				CLANG_WARN_OBJC_LITERAL_CONVERSION = YES;
				CLANG_WARN_OBJC_ROOT_CLASS = YES_ERROR;
				CLANG_WARN_QUOTED_INCLUDE_IN_FRAMEWORK_HEADER = YES;
				CLANG_WARN_RANGE_LOOP_ANALYSIS = YES;
				CLANG_WARN_STRICT_PROTOTYPES = YES;
				CLANG_WARN_SUSPICIOUS_MOVE = YES;
				CLANG_WARN_UNGUARDED_AVAILABILITY = YES_AGGRESSIVE;
				CLANG_WARN_UNREACHABLE_CODE = YES;
				CLANG_WARN__DUPLICATE_METHOD_MATCH = YES;
				COPY_PHASE_STRIP = NO;
				DEBUG_INFORMATION_FORMAT = "dwarf-with-dsym";
				ENABLE_NS_ASSERTIONS = NO;
				ENABLE_STRICT_OBJC_MSGSEND = YES;
				ENABLE_USER_SCRIPT_SANDBOXING = YES;
				GCC_C_LANGUAGE_STANDARD = gnu17;
				GCC_NO_COMMON_BLOCKS = YES;
				GCC_WARN_64_TO_32_BIT_CONVERSION = YES;
				GCC_WARN_ABOUT_RETURN_TYPE = YES_ERROR;
				GCC_WARN_UNDECLARED_SELECTOR = YES;
				GCC_WARN_UNINITIALIZED_AUTOS = YES_AGGRESSIVE;
				GCC_WARN_UNUSED_FUNCTION = YES;
				GCC_WARN_UNUSED_VARIABLE = YES;
				IPHONEOS_DEPLOYMENT_TARGET = 17.2;
				LOCALIZATION_PREFERS_STRING_CATALOGS = YES;
				MTL_ENABLE_DEBUG_INFO = NO;
				MTL_FAST_MATH = YES;
				SDKROOT = iphoneos;
				SWIFT_COMPILATION_MODE = wholemodule;
				VALIDATE_PRODUCT = YES;
			};
			name = Release;
		};
		807F6B052B860C190023D429 /* Debug */ = {
			isa = XCBuildConfiguration;
			buildSettings = {
				ASSETCATALOG_COMPILER_APPICON_NAME = AppIcon;
				ASSETCATALOG_COMPILER_GLOBAL_ACCENT_COLOR_NAME = AccentColor;
				CODE_SIGN_STYLE = Automatic;
				CURRENT_PROJECT_VERSION = 1;
				DEVELOPMENT_TEAM = X3EWZHY4T7;
				GENERATE_INFOPLIST_FILE = YES;
				INFOPLIST_FILE = LeetCodeProblems/Info.plist;
				INFOPLIST_KEY_UIApplicationSupportsIndirectInputEvents = YES;
				INFOPLIST_KEY_UILaunchStoryboardName = LaunchScreen;
				INFOPLIST_KEY_UIMainStoryboardFile = Main;
				INFOPLIST_KEY_UISupportedInterfaceOrientations_iPad = "UIInterfaceOrientationPortrait UIInterfaceOrientationPortraitUpsideDown UIInterfaceOrientationLandscapeLeft UIInterfaceOrientationLandscapeRight";
				INFOPLIST_KEY_UISupportedInterfaceOrientations_iPhone = "UIInterfaceOrientationPortrait UIInterfaceOrientationLandscapeLeft UIInterfaceOrientationLandscapeRight";
				LD_RUNPATH_SEARCH_PATHS = (
					"$(inherited)",
					"@executable_path/Frameworks",
				);
				MARKETING_VERSION = 1.0;
				PRODUCT_BUNDLE_IDENTIFIER = "com.sudhakar.-.LeetCodeProblems";
				PRODUCT_NAME = "$(TARGET_NAME)";
				SWIFT_EMIT_LOC_STRINGS = YES;
				SWIFT_VERSION = 5.0;
				TARGETED_DEVICE_FAMILY = "1,2";
			};
			name = Debug;
		};
		807F6B062B860C190023D429 /* Release */ = {
			isa = XCBuildConfiguration;
			buildSettings = {
				ASSETCATALOG_COMPILER_APPICON_NAME = AppIcon;
				ASSETCATALOG_COMPILER_GLOBAL_ACCENT_COLOR_NAME = AccentColor;
				CODE_SIGN_STYLE = Automatic;
				CURRENT_PROJECT_VERSION = 1;
				DEVELOPMENT_TEAM = X3EWZHY4T7;
				GENERATE_INFOPLIST_FILE = YES;
				INFOPLIST_FILE = LeetCodeProblems/Info.plist;
				INFOPLIST_KEY_UIApplicationSupportsIndirectInputEvents = YES;
				INFOPLIST_KEY_UILaunchStoryboardName = LaunchScreen;
				INFOPLIST_KEY_UIMainStoryboardFile = Main;
				INFOPLIST_KEY_UISupportedInterfaceOrientations_iPad = "UIInterfaceOrientationPortrait UIInterfaceOrientationPortraitUpsideDown UIInterfaceOrientationLandscapeLeft UIInterfaceOrientationLandscapeRight";
				INFOPLIST_KEY_UISupportedInterfaceOrientations_iPhone = "UIInterfaceOrientationPortrait UIInterfaceOrientationLandscapeLeft UIInterfaceOrientationLandscapeRight";
				LD_RUNPATH_SEARCH_PATHS = (
					"$(inherited)",
					"@executable_path/Frameworks",
				);
				MARKETING_VERSION = 1.0;
				PRODUCT_BUNDLE_IDENTIFIER = "com.sudhakar.-.LeetCodeProblems";
				PRODUCT_NAME = "$(TARGET_NAME)";
				SWIFT_EMIT_LOC_STRINGS = YES;
				SWIFT_VERSION = 5.0;
				TARGETED_DEVICE_FAMILY = "1,2";
			};
			name = Release;
		};
		807F6B082B860C190023D429 /* Debug */ = {
			isa = XCBuildConfiguration;
			buildSettings = {
				ALWAYS_EMBED_SWIFT_STANDARD_LIBRARIES = YES;
				BUNDLE_LOADER = "$(TEST_HOST)";
				CODE_SIGN_STYLE = Automatic;
				CURRENT_PROJECT_VERSION = 1;
				DEVELOPMENT_TEAM = X3EWZHY4T7;
				GENERATE_INFOPLIST_FILE = YES;
				IPHONEOS_DEPLOYMENT_TARGET = 17.2;
				MARKETING_VERSION = 1.0;
				PRODUCT_BUNDLE_IDENTIFIER = "com.sudhakar.-.LeetCodeProblemsTests";
				PRODUCT_NAME = "$(TARGET_NAME)";
				SWIFT_EMIT_LOC_STRINGS = NO;
				SWIFT_VERSION = 5.0;
				TARGETED_DEVICE_FAMILY = "1,2";
				TEST_HOST = "$(BUILT_PRODUCTS_DIR)/LeetCodeProblems.app/$(BUNDLE_EXECUTABLE_FOLDER_PATH)/LeetCodeProblems";
			};
			name = Debug;
		};
		807F6B092B860C190023D429 /* Release */ = {
			isa = XCBuildConfiguration;
			buildSettings = {
				ALWAYS_EMBED_SWIFT_STANDARD_LIBRARIES = YES;
				BUNDLE_LOADER = "$(TEST_HOST)";
				CODE_SIGN_STYLE = Automatic;
				CURRENT_PROJECT_VERSION = 1;
				DEVELOPMENT_TEAM = X3EWZHY4T7;
				GENERATE_INFOPLIST_FILE = YES;
				IPHONEOS_DEPLOYMENT_TARGET = 17.2;
				MARKETING_VERSION = 1.0;
				PRODUCT_BUNDLE_IDENTIFIER = "com.sudhakar.-.LeetCodeProblemsTests";
				PRODUCT_NAME = "$(TARGET_NAME)";
				SWIFT_EMIT_LOC_STRINGS = NO;
				SWIFT_VERSION = 5.0;
				TARGETED_DEVICE_FAMILY = "1,2";
				TEST_HOST = "$(BUILT_PRODUCTS_DIR)/LeetCodeProblems.app/$(BUNDLE_EXECUTABLE_FOLDER_PATH)/LeetCodeProblems";
			};
			name = Release;
		};
		807F6B0B2B860C190023D429 /* Debug */ = {
			isa = XCBuildConfiguration;
			buildSettings = {
				ALWAYS_EMBED_SWIFT_STANDARD_LIBRARIES = YES;
				CODE_SIGN_STYLE = Automatic;
				CURRENT_PROJECT_VERSION = 1;
				DEVELOPMENT_TEAM = X3EWZHY4T7;
				GENERATE_INFOPLIST_FILE = YES;
				MARKETING_VERSION = 1.0;
				PRODUCT_BUNDLE_IDENTIFIER = "com.sudhakar.-.LeetCodeProblemsUITests";
				PRODUCT_NAME = "$(TARGET_NAME)";
				SWIFT_EMIT_LOC_STRINGS = NO;
				SWIFT_VERSION = 5.0;
				TARGETED_DEVICE_FAMILY = "1,2";
				TEST_TARGET_NAME = LeetCodeProblems;
			};
			name = Debug;
		};
		807F6B0C2B860C190023D429 /* Release */ = {
			isa = XCBuildConfiguration;
			buildSettings = {
				ALWAYS_EMBED_SWIFT_STANDARD_LIBRARIES = YES;
				CODE_SIGN_STYLE = Automatic;
				CURRENT_PROJECT_VERSION = 1;
				DEVELOPMENT_TEAM = X3EWZHY4T7;
				GENERATE_INFOPLIST_FILE = YES;
				MARKETING_VERSION = 1.0;
				PRODUCT_BUNDLE_IDENTIFIER = "com.sudhakar.-.LeetCodeProblemsUITests";
				PRODUCT_NAME = "$(TARGET_NAME)";
				SWIFT_EMIT_LOC_STRINGS = NO;
				SWIFT_VERSION = 5.0;
				TARGETED_DEVICE_FAMILY = "1,2";
				TEST_TARGET_NAME = LeetCodeProblems;
			};
			name = Release;
		};
/* End XCBuildConfiguration section */

/* Begin XCConfigurationList section */
		807F6AD52B860C170023D429 /* Build configuration list for PBXProject "LeetCodeProblems" */ = {
			isa = XCConfigurationList;
			buildConfigurations = (
				807F6B022B860C190023D429 /* Debug */,
				807F6B032B860C190023D429 /* Release */,
			);
			defaultConfigurationIsVisible = 0;
			defaultConfigurationName = Release;
		};
		807F6B042B860C190023D429 /* Build configuration list for PBXNativeTarget "LeetCodeProblems" */ = {
			isa = XCConfigurationList;
			buildConfigurations = (
				807F6B052B860C190023D429 /* Debug */,
				807F6B062B860C190023D429 /* Release */,
			);
			defaultConfigurationIsVisible = 0;
			defaultConfigurationName = Release;
		};
		807F6B072B860C190023D429 /* Build configuration list for PBXNativeTarget "LeetCodeProblemsTests" */ = {
			isa = XCConfigurationList;
			buildConfigurations = (
				807F6B082B860C190023D429 /* Debug */,
				807F6B092B860C190023D429 /* Release */,
			);
			defaultConfigurationIsVisible = 0;
			defaultConfigurationName = Release;
		};
		807F6B0A2B860C190023D429 /* Build configuration list for PBXNativeTarget "LeetCodeProblemsUITests" */ = {
			isa = XCConfigurationList;
			buildConfigurations = (
				807F6B0B2B860C190023D429 /* Debug */,
				807F6B0C2B860C190023D429 /* Release */,
			);
			defaultConfigurationIsVisible = 0;
			defaultConfigurationName = Release;
		};
/* End XCConfigurationList section */
	};
	rootObject = 807F6AD22B860C170023D429 /* Project object */;
}
